// !$*UTF8*$!
{
	archiveVersion = 1;
	classes = {
	};
	objectVersion = 56;
	objects = {

/* Begin PBXBuildFile section */
		781420462C3D699100F6AC7D /* AppDelegate.swift in Sources */ = {isa = PBXBuildFile; fileRef = 781420452C3D699100F6AC7D /* AppDelegate.swift */; };
		781420482C3D699100F6AC7D /* SceneDelegate.swift in Sources */ = {isa = PBXBuildFile; fileRef = 781420472C3D699100F6AC7D /* SceneDelegate.swift */; };
		7814204A2C3D699100F6AC7D /* ViewController.swift in Sources */ = {isa = PBXBuildFile; fileRef = 781420492C3D699100F6AC7D /* ViewController.swift */; };
		7814204D2C3D699100F6AC7D /* Main.storyboard in Resources */ = {isa = PBXBuildFile; fileRef = 7814204B2C3D699100F6AC7D /* Main.storyboard */; };
		7814204F2C3D699300F6AC7D /* Assets.xcassets in Resources */ = {isa = PBXBuildFile; fileRef = 7814204E2C3D699300F6AC7D /* Assets.xcassets */; };
		781420522C3D699300F6AC7D /* LaunchScreen.storyboard in Resources */ = {isa = PBXBuildFile; fileRef = 781420502C3D699300F6AC7D /* LaunchScreen.storyboard */; };
		7814205D2C3D699400F6AC7D /* _8Tests.swift in Sources */ = {isa = PBXBuildFile; fileRef = 7814205C2C3D699400F6AC7D /* _8Tests.swift */; };
		781420672C3D699400F6AC7D /* _8UITests.swift in Sources */ = {isa = PBXBuildFile; fileRef = 781420662C3D699400F6AC7D /* _8UITests.swift */; };
		781420692C3D699400F6AC7D /* _8UITestsLaunchTests.swift in Sources */ = {isa = PBXBuildFile; fileRef = 781420682C3D699400F6AC7D /* _8UITestsLaunchTests.swift */; };
/* End PBXBuildFile section */

/* Begin PBXContainerItemProxy section */
		781420592C3D699400F6AC7D /* PBXContainerItemProxy */ = {
			isa = PBXContainerItemProxy;
			containerPortal = 7814203A2C3D699100F6AC7D /* Project object */;
			proxyType = 1;
			remoteGlobalIDString = 781420412C3D699100F6AC7D;
			remoteInfo = 48;
		};
		781420632C3D699400F6AC7D /* PBXContainerItemProxy */ = {
			isa = PBXContainerItemProxy;
			containerPortal = 7814203A2C3D699100F6AC7D /* Project object */;
			proxyType = 1;
			remoteGlobalIDString = 781420412C3D699100F6AC7D;
			remoteInfo = 48;
		};
/* End PBXContainerItemProxy section */

/* Begin PBXFileReference section */
		781420422C3D699100F6AC7D /* 48.app */ = {isa = PBXFileReference; explicitFileType = wrapper.application; includeInIndex = 0; path = 48.app; sourceTree = BUILT_PRODUCTS_DIR; };
		781420452C3D699100F6AC7D /* AppDelegate.swift */ = {isa = PBXFileReference; lastKnownFileType = sourcecode.swift; path = AppDelegate.swift; sourceTree = "<group>"; };
		781420472C3D699100F6AC7D /* SceneDelegate.swift */ = {isa = PBXFileReference; lastKnownFileType = sourcecode.swift; path = SceneDelegate.swift; sourceTree = "<group>"; };
		781420492C3D699100F6AC7D /* ViewController.swift */ = {isa = PBXFileReference; lastKnownFileType = sourcecode.swift; path = ViewController.swift; sourceTree = "<group>"; };
		7814204C2C3D699100F6AC7D /* Base */ = {isa = PBXFileReference; lastKnownFileType = file.storyboard; name = Base; path = Base.lproj/Main.storyboard; sourceTree = "<group>"; };
		7814204E2C3D699300F6AC7D /* Assets.xcassets */ = {isa = PBXFileReference; lastKnownFileType = folder.assetcatalog; path = Assets.xcassets; sourceTree = "<group>"; };
		781420512C3D699300F6AC7D /* Base */ = {isa = PBXFileReference; lastKnownFileType = file.storyboard; name = Base; path = Base.lproj/LaunchScreen.storyboard; sourceTree = "<group>"; };
		781420532C3D699300F6AC7D /* Info.plist */ = {isa = PBXFileReference; lastKnownFileType = text.plist.xml; path = Info.plist; sourceTree = "<group>"; };
		781420582C3D699400F6AC7D /* 48Tests.xctest */ = {isa = PBXFileReference; explicitFileType = wrapper.cfbundle; includeInIndex = 0; path = 48Tests.xctest; sourceTree = BUILT_PRODUCTS_DIR; };
		7814205C2C3D699400F6AC7D /* _8Tests.swift */ = {isa = PBXFileReference; lastKnownFileType = sourcecode.swift; path = _8Tests.swift; sourceTree = "<group>"; };
		781420622C3D699400F6AC7D /* 48UITests.xctest */ = {isa = PBXFileReference; explicitFileType = wrapper.cfbundle; includeInIndex = 0; path = 48UITests.xctest; sourceTree = BUILT_PRODUCTS_DIR; };
		781420662C3D699400F6AC7D /* _8UITests.swift */ = {isa = PBXFileReference; lastKnownFileType = sourcecode.swift; path = _8UITests.swift; sourceTree = "<group>"; };
		781420682C3D699400F6AC7D /* _8UITestsLaunchTests.swift */ = {isa = PBXFileReference; lastKnownFileType = sourcecode.swift; path = _8UITestsLaunchTests.swift; sourceTree = "<group>"; };
/* End PBXFileReference section */

/* Begin PBXFrameworksBuildPhase section */
		7814203F2C3D699100F6AC7D /* Frameworks */ = {
			isa = PBXFrameworksBuildPhase;
			buildActionMask = 2147483647;
			files = (
			);
			runOnlyForDeploymentPostprocessing = 0;
		};
		781420552C3D699400F6AC7D /* Frameworks */ = {
			isa = PBXFrameworksBuildPhase;
			buildActionMask = 2147483647;
			files = (
			);
			runOnlyForDeploymentPostprocessing = 0;
		};
		7814205F2C3D699400F6AC7D /* Frameworks */ = {
			isa = PBXFrameworksBuildPhase;
			buildActionMask = 2147483647;
			files = (
			);
			runOnlyForDeploymentPostprocessing = 0;
		};
/* End PBXFrameworksBuildPhase section */

/* Begin PBXGroup section */
		781420392C3D699100F6AC7D = {
			isa = PBXGroup;
			children = (
				781420442C3D699100F6AC7D /* 48 */,
				7814205B2C3D699400F6AC7D /* 48Tests */,
				781420652C3D699400F6AC7D /* 48UITests */,
				781420432C3D699100F6AC7D /* Products */,
			);
			sourceTree = "<group>";
		};
		781420432C3D699100F6AC7D /* Products */ = {
			isa = PBXGroup;
			children = (
				781420422C3D699100F6AC7D /* 48.app */,
				781420582C3D699400F6AC7D /* 48Tests.xctest */,
				781420622C3D699400F6AC7D /* 48UITests.xctest */,
			);
			name = Products;
			sourceTree = "<group>";
		};
		781420442C3D699100F6AC7D /* 48 */ = {
			isa = PBXGroup;
			children = (
				781420452C3D699100F6AC7D /* AppDelegate.swift */,
				781420472C3D699100F6AC7D /* SceneDelegate.swift */,
				781420492C3D699100F6AC7D /* ViewController.swift */,
				7814204B2C3D699100F6AC7D /* Main.storyboard */,
				7814204E2C3D699300F6AC7D /* Assets.xcassets */,
				781420502C3D699300F6AC7D /* LaunchScreen.storyboard */,
				781420532C3D699300F6AC7D /* Info.plist */,
			);
			path = 48;
			sourceTree = "<group>";
		};
		7814205B2C3D699400F6AC7D /* 48Tests */ = {
			isa = PBXGroup;
			children = (
				7814205C2C3D699400F6AC7D /* _8Tests.swift */,
			);
			path = 48Tests;
			sourceTree = "<group>";
		};
		781420652C3D699400F6AC7D /* 48UITests */ = {
			isa = PBXGroup;
			children = (
				781420662C3D699400F6AC7D /* _8UITests.swift */,
				781420682C3D699400F6AC7D /* _8UITestsLaunchTests.swift */,
			);
			path = 48UITests;
			sourceTree = "<group>";
		};
/* End PBXGroup section */

/* Begin PBXNativeTarget section */
		781420412C3D699100F6AC7D /* 48 */ = {
			isa = PBXNativeTarget;
			buildConfigurationList = 7814206C2C3D699400F6AC7D /* Build configuration list for PBXNativeTarget "48" */;
			buildPhases = (
				7814203E2C3D699100F6AC7D /* Sources */,
				7814203F2C3D699100F6AC7D /* Frameworks */,
				781420402C3D699100F6AC7D /* Resources */,
			);
			buildRules = (
			);
			dependencies = (
			);
			name = 48;
			productName = 48;
			productReference = 781420422C3D699100F6AC7D /* 48.app */;
			productType = "com.apple.product-type.application";
		};
		781420572C3D699400F6AC7D /* 48Tests */ = {
			isa = PBXNativeTarget;
			buildConfigurationList = 7814206F2C3D699400F6AC7D /* Build configuration list for PBXNativeTarget "48Tests" */;
			buildPhases = (
				781420542C3D699400F6AC7D /* Sources */,
				781420552C3D699400F6AC7D /* Frameworks */,
				781420562C3D699400F6AC7D /* Resources */,
			);
			buildRules = (
			);
			dependencies = (
				7814205A2C3D699400F6AC7D /* PBXTargetDependency */,
			);
			name = 48Tests;
			productName = 48Tests;
			productReference = 781420582C3D699400F6AC7D /* 48Tests.xctest */;
			productType = "com.apple.product-type.bundle.unit-test";
		};
		781420612C3D699400F6AC7D /* 48UITests */ = {
			isa = PBXNativeTarget;
			buildConfigurationList = 781420722C3D699400F6AC7D /* Build configuration list for PBXNativeTarget "48UITests" */;
			buildPhases = (
				7814205E2C3D699400F6AC7D /* Sources */,
				7814205F2C3D699400F6AC7D /* Frameworks */,
				781420602C3D699400F6AC7D /* Resources */,
			);
			buildRules = (
			);
			dependencies = (
				781420642C3D699400F6AC7D /* PBXTargetDependency */,
			);
			name = 48UITests;
			productName = 48UITests;
			productReference = 781420622C3D699400F6AC7D /* 48UITests.xctest */;
			productType = "com.apple.product-type.bundle.ui-testing";
		};
/* End PBXNativeTarget section */

/* Begin PBXProject section */
		7814203A2C3D699100F6AC7D /* Project object */ = {
			isa = PBXProject;
			attributes = {
				BuildIndependentTargetsInParallel = 1;
				LastSwiftUpdateCheck = 1520;
				LastUpgradeCheck = 1520;
				TargetAttributes = {
					781420412C3D699100F6AC7D = {
						CreatedOnToolsVersion = 15.2;
					};
					781420572C3D699400F6AC7D = {
						CreatedOnToolsVersion = 15.2;
						TestTargetID = 781420412C3D699100F6AC7D;
					};
					781420612C3D699400F6AC7D = {
						CreatedOnToolsVersion = 15.2;
						TestTargetID = 781420412C3D699100F6AC7D;
					};
				};
			};
			buildConfigurationList = 7814203D2C3D699100F6AC7D /* Build configuration list for PBXProject "48" */;
			compatibilityVersion = "Xcode 14.0";
			developmentRegion = en;
			hasScannedForEncodings = 0;
			knownRegions = (
				en,
				Base,
			);
			mainGroup = 781420392C3D699100F6AC7D;
			productRefGroup = 781420432C3D699100F6AC7D /* Products */;
			projectDirPath = "";
			projectRoot = "";
			targets = (
				781420412C3D699100F6AC7D /* 48 */,
				781420572C3D699400F6AC7D /* 48Tests */,
				781420612C3D699400F6AC7D /* 48UITests */,
			);
		};
/* End PBXProject section */

/* Begin PBXResourcesBuildPhase section */
		781420402C3D699100F6AC7D /* Resources */ = {
			isa = PBXResourcesBuildPhase;
			buildActionMask = 2147483647;
			files = (
				781420522C3D699300F6AC7D /* LaunchScreen.storyboard in Resources */,
				7814204F2C3D699300F6AC7D /* Assets.xcassets in Resources */,
				7814204D2C3D699100F6AC7D /* Main.storyboard in Resources */,
			);
			runOnlyForDeploymentPostprocessing = 0;
		};
		781420562C3D699400F6AC7D /* Resources */ = {
			isa = PBXResourcesBuildPhase;
			buildActionMask = 2147483647;
			files = (
			);
			runOnlyForDeploymentPostprocessing = 0;
		};
		781420602C3D699400F6AC7D /* Resources */ = {
			isa = PBXResourcesBuildPhase;
			buildActionMask = 2147483647;
			files = (
			);
			runOnlyForDeploymentPostprocessing = 0;
		};
/* End PBXResourcesBuildPhase section */

/* Begin PBXSourcesBuildPhase section */
		7814203E2C3D699100F6AC7D /* Sources */ = {
			isa = PBXSourcesBuildPhase;
			buildActionMask = 2147483647;
			files = (
				7814204A2C3D699100F6AC7D /* ViewController.swift in Sources */,
				781420462C3D699100F6AC7D /* AppDelegate.swift in Sources */,
				781420482C3D699100F6AC7D /* SceneDelegate.swift in Sources */,
			);
			runOnlyForDeploymentPostprocessing = 0;
		};
		781420542C3D699400F6AC7D /* Sources */ = {
			isa = PBXSourcesBuildPhase;
			buildActionMask = 2147483647;
			files = (
				7814205D2C3D699400F6AC7D /* _8Tests.swift in Sources */,
			);
			runOnlyForDeploymentPostprocessing = 0;
		};
		7814205E2C3D699400F6AC7D /* Sources */ = {
			isa = PBXSourcesBuildPhase;
			buildActionMask = 2147483647;
			files = (
				781420672C3D699400F6AC7D /* _8UITests.swift in Sources */,
				781420692C3D699400F6AC7D /* _8UITestsLaunchTests.swift in Sources */,
			);
			runOnlyForDeploymentPostprocessing = 0;
		};
/* End PBXSourcesBuildPhase section */

/* Begin PBXTargetDependency section */
		7814205A2C3D699400F6AC7D /* PBXTargetDependency */ = {
			isa = PBXTargetDependency;
			target = 781420412C3D699100F6AC7D /* 48 */;
			targetProxy = 781420592C3D699400F6AC7D /* PBXContainerItemProxy */;
		};
		781420642C3D699400F6AC7D /* PBXTargetDependency */ = {
			isa = PBXTargetDependency;
			target = 781420412C3D699100F6AC7D /* 48 */;
			targetProxy = 781420632C3D699400F6AC7D /* PBXContainerItemProxy */;
		};
/* End PBXTargetDependency section */

/* Begin PBXVariantGroup section */
		7814204B2C3D699100F6AC7D /* Main.storyboard */ = {
			isa = PBXVariantGroup;
			children = (
				7814204C2C3D699100F6AC7D /* Base */,
			);
			name = Main.storyboard;
			sourceTree = "<group>";
		};
		781420502C3D699300F6AC7D /* LaunchScreen.storyboard */ = {
			isa = PBXVariantGroup;
			children = (
				781420512C3D699300F6AC7D /* Base */,
			);
			name = LaunchScreen.storyboard;
			sourceTree = "<group>";
		};
/* End PBXVariantGroup section */

/* Begin XCBuildConfiguration section */
		7814206A2C3D699400F6AC7D /* Debug */ = {
			isa = XCBuildConfiguration;
			buildSettings = {
				ALWAYS_SEARCH_USER_PATHS = NO;
				ASSETCATALOG_COMPILER_GENERATE_SWIFT_ASSET_SYMBOL_EXTENSIONS = YES;
				CLANG_ANALYZER_NONNULL = YES;
				CLANG_ANALYZER_NUMBER_OBJECT_CONVERSION = YES_AGGRESSIVE;
				CLANG_CXX_LANGUAGE_STANDARD = "gnu++20";
				CLANG_ENABLE_MODULES = YES;
				CLANG_ENABLE_OBJC_ARC = YES;
				CLANG_ENABLE_OBJC_WEAK = YES;
				CLANG_WARN_BLOCK_CAPTURE_AUTORELEASING = YES;
				CLANG_WARN_BOOL_CONVERSION = YES;
				CLANG_WARN_COMMA = YES;
				CLANG_WARN_CONSTANT_CONVERSION = YES;
				CLANG_WARN_DEPRECATED_OBJC_IMPLEMENTATIONS = YES;
				CLANG_WARN_DIRECT_OBJC_ISA_USAGE = YES_ERROR;
				CLANG_WARN_DOCUMENTATION_COMMENTS = YES;
				CLANG_WARN_EMPTY_BODY = YES;
				CLANG_WARN_ENUM_CONVERSION = YES;
				CLANG_WARN_INFINITE_RECURSION = YES;
				CLANG_WARN_INT_CONVERSION = YES;
				CLANG_WARN_NON_LITERAL_NULL_CONVERSION = YES;
				CLANG_WARN_OBJC_IMPLICIT_RETAIN_SELF = YES;
				CLANG_WARN_OBJC_LITERAL_CONVERSION = YES;
				CLANG_WARN_OBJC_ROOT_CLASS = YES_ERROR;
				CLANG_WARN_QUOTED_INCLUDE_IN_FRAMEWORK_HEADER = YES;
				CLANG_WARN_RANGE_LOOP_ANALYSIS = YES;
				CLANG_WARN_STRICT_PROTOTYPES = YES;
				CLANG_WARN_SUSPICIOUS_MOVE = YES;
				CLANG_WARN_UNGUARDED_AVAILABILITY = YES_AGGRESSIVE;
				CLANG_WARN_UNREACHABLE_CODE = YES;
				CLANG_WARN__DUPLICATE_METHOD_MATCH = YES;
				COPY_PHASE_STRIP = NO;
				DEBUG_INFORMATION_FORMAT = dwarf;
				ENABLE_STRICT_OBJC_MSGSEND = YES;
				ENABLE_TESTABILITY = YES;
				ENABLE_USER_SCRIPT_SANDBOXING = YES;
				GCC_C_LANGUAGE_STANDARD = gnu17;
				GCC_DYNAMIC_NO_PIC = NO;
				GCC_NO_COMMON_BLOCKS = YES;
				GCC_OPTIMIZATION_LEVEL = 0;
				GCC_PREPROCESSOR_DEFINITIONS = (
					"DEBUG=1",
					"$(inherited)",
				);
				GCC_WARN_64_TO_32_BIT_CONVERSION = YES;
				GCC_WARN_ABOUT_RETURN_TYPE = YES_ERROR;
				GCC_WARN_UNDECLARED_SELECTOR = YES;
				GCC_WARN_UNINITIALIZED_AUTOS = YES_AGGRESSIVE;
				GCC_WARN_UNUSED_FUNCTION = YES;
				GCC_WARN_UNUSED_VARIABLE = YES;
				IPHONEOS_DEPLOYMENT_TARGET = 17.2;
				LOCALIZATION_PREFERS_STRING_CATALOGS = YES;
				MTL_ENABLE_DEBUG_INFO = INCLUDE_SOURCE;
				MTL_FAST_MATH = YES;
				ONLY_ACTIVE_ARCH = YES;
				SDKROOT = iphoneos;
				SWIFT_ACTIVE_COMPILATION_CONDITIONS = "DEBUG $(inherited)";
				SWIFT_OPTIMIZATION_LEVEL = "-Onone";
			};
			name = Debug;
		};
		7814206B2C3D699400F6AC7D /* Release */ = {
			isa = XCBuildConfiguration;
			buildSettings = {
				ALWAYS_SEARCH_USER_PATHS = NO;
				ASSETCATALOG_COMPILER_GENERATE_SWIFT_ASSET_SYMBOL_EXTENSIONS = YES;
				CLANG_ANALYZER_NONNULL = YES;
				CLANG_ANALYZER_NUMBER_OBJECT_CONVERSION = YES_AGGRESSIVE;
				CLANG_CXX_LANGUAGE_STANDARD = "gnu++20";
				CLANG_ENABLE_MODULES = YES;
				CLANG_ENABLE_OBJC_ARC = YES;
				CLANG_ENABLE_OBJC_WEAK = YES;
				CLANG_WARN_BLOCK_CAPTURE_AUTORELEASING = YES;
				CLANG_WARN_BOOL_CONVERSION = YES;
				CLANG_WARN_COMMA = YES;
				CLANG_WARN_CONSTANT_CONVERSION = YES;
				CLANG_WARN_DEPRECATED_OBJC_IMPLEMENTATIONS = YES;
				CLANG_WARN_DIRECT_OBJC_ISA_USAGE = YES_ERROR;
				CLANG_WARN_DOCUMENTATION_COMMENTS = YES;
				CLANG_WARN_EMPTY_BODY = YES;
				CLANG_WARN_ENUM_CONVERSION = YES;
				CLANG_WARN_INFINITE_RECURSION = YES;
				CLANG_WARN_INT_CONVERSION = YES;
				CLANG_WARN_NON_LITERAL_NULL_CONVERSION = YES;
				CLANG_WARN_OBJC_IMPLICIT_RETAIN_SELF = YES;
				CLANG_WARN_OBJC_LITERAL_CONVERSION = YES;
				CLANG_WARN_OBJC_ROOT_CLASS = YES_ERROR;
				CLANG_WARN_QUOTED_INCLUDE_IN_FRAMEWORK_HEADER = YES;
				CLANG_WARN_RANGE_LOOP_ANALYSIS = YES;
				CLANG_WARN_STRICT_PROTOTYPES = YES;
				CLANG_WARN_SUSPICIOUS_MOVE = YES;
				CLANG_WARN_UNGUARDED_AVAILABILITY = YES_AGGRESSIVE;
				CLANG_WARN_UNREACHABLE_CODE = YES;
				CLANG_WARN__DUPLICATE_METHOD_MATCH = YES;
				COPY_PHASE_STRIP = NO;
				DEBUG_INFORMATION_FORMAT = "dwarf-with-dsym";
				ENABLE_NS_ASSERTIONS = NO;
				ENABLE_STRICT_OBJC_MSGSEND = YES;
				ENABLE_USER_SCRIPT_SANDBOXING = YES;
				GCC_C_LANGUAGE_STANDARD = gnu17;
				GCC_NO_COMMON_BLOCKS = YES;
				GCC_WARN_64_TO_32_BIT_CONVERSION = YES;
				GCC_WARN_ABOUT_RETURN_TYPE = YES_ERROR;
				GCC_WARN_UNDECLARED_SELECTOR = YES;
				GCC_WARN_UNINITIALIZED_AUTOS = YES_AGGRESSIVE;
				GCC_WARN_UNUSED_FUNCTION = YES;
				GCC_WARN_UNUSED_VARIABLE = YES;
				IPHONEOS_DEPLOYMENT_TARGET = 17.2;
				LOCALIZATION_PREFERS_STRING_CATALOGS = YES;
				MTL_ENABLE_DEBUG_INFO = NO;
				MTL_FAST_MATH = YES;
				SDKROOT = iphoneos;
				SWIFT_COMPILATION_MODE = wholemodule;
				VALIDATE_PRODUCT = YES;
			};
			name = Release;
		};
		7814206D2C3D699400F6AC7D /* Debug */ = {
			isa = XCBuildConfiguration;
			buildSettings = {
				ASSETCATALOG_COMPILER_APPICON_NAME = AppIcon;
				ASSETCATALOG_COMPILER_GLOBAL_ACCENT_COLOR_NAME = AccentColor;
				CODE_SIGN_STYLE = Automatic;
				CURRENT_PROJECT_VERSION = 1;
				GENERATE_INFOPLIST_FILE = YES;
				INFOPLIST_FILE = 48/Info.plist;
				INFOPLIST_KEY_UIApplicationSupportsIndirectInputEvents = YES;
				INFOPLIST_KEY_UILaunchStoryboardName = LaunchScreen;
				INFOPLIST_KEY_UIMainStoryboardFile = Main;
				INFOPLIST_KEY_UISupportedInterfaceOrientations_iPad = "UIInterfaceOrientationPortrait UIInterfaceOrientationPortraitUpsideDown UIInterfaceOrientationLandscapeLeft UIInterfaceOrientationLandscapeRight";
				INFOPLIST_KEY_UISupportedInterfaceOrientations_iPhone = "UIInterfaceOrientationPortrait UIInterfaceOrientationLandscapeLeft UIInterfaceOrientationLandscapeRight";
				LD_RUNPATH_SEARCH_PATHS = (
					"$(inherited)",
					"@executable_path/Frameworks",
				);
				MARKETING_VERSION = 1.0;
				PRODUCT_BUNDLE_IDENTIFIER = "swift-biginner.-8";
				PRODUCT_NAME = "$(TARGET_NAME)";
				SWIFT_EMIT_LOC_STRINGS = YES;
				SWIFT_VERSION = 5.0;
				TARGETED_DEVICE_FAMILY = "1,2";
			};
			name = Debug;
		};
		7814206E2C3D699400F6AC7D /* Release */ = {
			isa = XCBuildConfiguration;
			buildSettings = {
				ASSETCATALOG_COMPILER_APPICON_NAME = AppIcon;
				ASSETCATALOG_COMPILER_GLOBAL_ACCENT_COLOR_NAME = AccentColor;
				CODE_SIGN_STYLE = Automatic;
				CURRENT_PROJECT_VERSION = 1;
				GENERATE_INFOPLIST_FILE = YES;
				INFOPLIST_FILE = 48/Info.plist;
				INFOPLIST_KEY_UIApplicationSupportsIndirectInputEvents = YES;
				INFOPLIST_KEY_UILaunchStoryboardName = LaunchScreen;
				INFOPLIST_KEY_UIMainStoryboardFile = Main;
				INFOPLIST_KEY_UISupportedInterfaceOrientations_iPad = "UIInterfaceOrientationPortrait UIInterfaceOrientationPortraitUpsideDown UIInterfaceOrientationLandscapeLeft UIInterfaceOrientationLandscapeRight";
				INFOPLIST_KEY_UISupportedInterfaceOrientations_iPhone = "UIInterfaceOrientationPortrait UIInterfaceOrientationLandscapeLeft UIInterfaceOrientationLandscapeRight";
				LD_RUNPATH_SEARCH_PATHS = (
					"$(inherited)",
					"@executable_path/Frameworks",
				);
				MARKETING_VERSION = 1.0;
				PRODUCT_BUNDLE_IDENTIFIER = "swift-biginner.-8";
				PRODUCT_NAME = "$(TARGET_NAME)";
				SWIFT_EMIT_LOC_STRINGS = YES;
				SWIFT_VERSION = 5.0;
				TARGETED_DEVICE_FAMILY = "1,2";
			};
			name = Release;
		};
		781420702C3D699400F6AC7D /* Debug */ = {
			isa = XCBuildConfiguration;
			buildSettings = {
				ALWAYS_EMBED_SWIFT_STANDARD_LIBRARIES = YES;
				BUNDLE_LOADER = "$(TEST_HOST)";
				CODE_SIGN_STYLE = Automatic;
				CURRENT_PROJECT_VERSION = 1;
				GENERATE_INFOPLIST_FILE = YES;
				IPHONEOS_DEPLOYMENT_TARGET = 17.2;
				MARKETING_VERSION = 1.0;
				PRODUCT_BUNDLE_IDENTIFIER = "swift-biginner.-8Tests";
				PRODUCT_NAME = "$(TARGET_NAME)";
				SWIFT_EMIT_LOC_STRINGS = NO;
				SWIFT_VERSION = 5.0;
				TARGETED_DEVICE_FAMILY = "1,2";
				TEST_HOST = "$(BUILT_PRODUCTS_DIR)/48.app/$(BUNDLE_EXECUTABLE_FOLDER_PATH)/48";
			};
			name = Debug;
		};
		781420712C3D699400F6AC7D /* Release */ = {
			isa = XCBuildConfiguration;
			buildSettings = {
				ALWAYS_EMBED_SWIFT_STANDARD_LIBRARIES = YES;
				BUNDLE_LOADER = "$(TEST_HOST)";
				CODE_SIGN_STYLE = Automatic;
				CURRENT_PROJECT_VERSION = 1;
				GENERATE_INFOPLIST_FILE = YES;
				IPHONEOS_DEPLOYMENT_TARGET = 17.2;
				MARKETING_VERSION = 1.0;
				PRODUCT_BUNDLE_IDENTIFIER = "swift-biginner.-8Tests";
				PRODUCT_NAME = "$(TARGET_NAME)";
				SWIFT_EMIT_LOC_STRINGS = NO;
				SWIFT_VERSION = 5.0;
				TARGETED_DEVICE_FAMILY = "1,2";
				TEST_HOST = "$(BUILT_PRODUCTS_DIR)/48.app/$(BUNDLE_EXECUTABLE_FOLDER_PATH)/48";
			};
			name = Release;
		};
		781420732C3D699400F6AC7D /* Debug */ = {
			isa = XCBuildConfiguration;
			buildSettings = {
				ALWAYS_EMBED_SWIFT_STANDARD_LIBRARIES = YES;
				CODE_SIGN_STYLE = Automatic;
				CURRENT_PROJECT_VERSION = 1;
				GENERATE_INFOPLIST_FILE = YES;
				MARKETING_VERSION = 1.0;
				PRODUCT_BUNDLE_IDENTIFIER = "swift-biginner.-8UITests";
				PRODUCT_NAME = "$(TARGET_NAME)";
				SWIFT_EMIT_LOC_STRINGS = NO;
				SWIFT_VERSION = 5.0;
				TARGETED_DEVICE_FAMILY = "1,2";
				TEST_TARGET_NAME = 48;
			};
			name = Debug;
		};
		781420742C3D699400F6AC7D /* Release */ = {
			isa = XCBuildConfiguration;
			buildSettings = {
				ALWAYS_EMBED_SWIFT_STANDARD_LIBRARIES = YES;
				CODE_SIGN_STYLE = Automatic;
				CURRENT_PROJECT_VERSION = 1;
				GENERATE_INFOPLIST_FILE = YES;
				MARKETING_VERSION = 1.0;
				PRODUCT_BUNDLE_IDENTIFIER = "swift-biginner.-8UITests";
				PRODUCT_NAME = "$(TARGET_NAME)";
				SWIFT_EMIT_LOC_STRINGS = NO;
				SWIFT_VERSION = 5.0;
				TARGETED_DEVICE_FAMILY = "1,2";
				TEST_TARGET_NAME = 48;
			};
			name = Release;
		};
/* End XCBuildConfiguration section */

/* Begin XCConfigurationList section */
		7814203D2C3D699100F6AC7D /* Build configuration list for PBXProject "48" */ = {
			isa = XCConfigurationList;
			buildConfigurations = (
				7814206A2C3D699400F6AC7D /* Debug */,
				7814206B2C3D699400F6AC7D /* Release */,
			);
			defaultConfigurationIsVisible = 0;
			defaultConfigurationName = Release;
		};
		7814206C2C3D699400F6AC7D /* Build configuration list for PBXNativeTarget "48" */ = {
			isa = XCConfigurationList;
			buildConfigurations = (
				7814206D2C3D699400F6AC7D /* Debug */,
				7814206E2C3D699400F6AC7D /* Release */,
			);
			defaultConfigurationIsVisible = 0;
			defaultConfigurationName = Release;
		};
		7814206F2C3D699400F6AC7D /* Build configuration list for PBXNativeTarget "48Tests" */ = {
			isa = XCConfigurationList;
			buildConfigurations = (
				781420702C3D699400F6AC7D /* Debug */,
				781420712C3D699400F6AC7D /* Release */,
			);
			defaultConfigurationIsVisible = 0;
			defaultConfigurationName = Release;
		};
		781420722C3D699400F6AC7D /* Build configuration list for PBXNativeTarget "48UITests" */ = {
			isa = XCConfigurationList;
			buildConfigurations = (
				781420732C3D699400F6AC7D /* Debug */,
				781420742C3D699400F6AC7D /* Release */,
			);
			defaultConfigurationIsVisible = 0;
			defaultConfigurationName = Release;
		};
/* End XCConfigurationList section */
	};
	rootObject = 7814203A2C3D699100F6AC7D /* Project object */;
}
